
Microsoft Visual Studio Solution File, Format Version 12.00
# Visual Studio Version 16
VisualStudioVersion = 16.0.29411.108
MinimumVisualStudioVersion = 10.0.40219.1
Project("{FAE04EC0-301F-11D3-BF4B-00C04F79EFBC}") = "Project1.WebApp", "Project1.WebApp\Project1.WebApp.csproj", "{5738BA68-D680-4732-80A1-9041838953A3}"
	ProjectSection(ProjectDependencies) = postProject
		{D5C3BD51-B910-445D-B6C1-45CC107A5583} = {D5C3BD51-B910-445D-B6C1-45CC107A5583}
	EndProjectSection
EndProject
Project("{FAE04EC0-301F-11D3-BF4B-00C04F79EFBC}") = "Project1.DataAccess", "Project1.DataAccess\Project1.DataAccess.csproj", "{D5C3BD51-B910-445D-B6C1-45CC107A5583}"
EndProject
Project("{FAE04EC0-301F-11D3-BF4B-00C04F79EFBC}") = "Project1.BusinessLogic", "Project1.BusinessLogic\Project1.BusinessLogic.csproj", "{5E4F46CE-D06C-4746-BC18-1C6EF497ACF0}"
EndProject
Project("{FAE04EC0-301F-11D3-BF4B-00C04F79EFBC}") = "Project1Testing", "Project1Testing\Project1Testing.csproj", "{A4620273-27E1-4F2C-BFC7-40604413DAA0}"
EndProject
Global
	GlobalSection(SolutionConfigurationPlatforms) = preSolution
		Debug|Any CPU = Debug|Any CPU
		Release|Any CPU = Release|Any CPU
	EndGlobalSection
	GlobalSection(ProjectConfigurationPlatforms) = postSolution
		{5738BA68-D680-4732-80A1-9041838953A3}.Debug|Any CPU.ActiveCfg = Debug|Any CPU
		{5738BA68-D680-4732-80A1-9041838953A3}.Debug|Any CPU.Build.0 = Debug|Any CPU
		{5738BA68-D680-4732-80A1-9041838953A3}.Release|Any CPU.ActiveCfg = Release|Any CPU
		{5738BA68-D680-4732-80A1-9041838953A3}.Release|Any CPU.Build.0 = Release|Any CPU
		{D5C3BD51-B910-445D-B6C1-45CC107A5583}.Debug|Any CPU.ActiveCfg = Debug|Any CPU
		{D5C3BD51-B910-445D-B6C1-45CC107A5583}.Debug|Any CPU.Build.0 = Debug|Any CPU
		{D5C3BD51-B910-445D-B6C1-45CC107A5583}.Release|Any CPU.ActiveCfg = Release|Any CPU
		{D5C3BD51-B910-445D-B6C1-45CC107A5583}.Release|Any CPU.Build.0 = Release|Any CPU
		{5E4F46CE-D06C-4746-BC18-1C6EF497ACF0}.Debug|Any CPU.ActiveCfg = Debug|Any CPU
		{5E4F46CE-D06C-4746-BC18-1C6EF497ACF0}.Debug|Any CPU.Build.0 = Debug|Any CPU
		{5E4F46CE-D06C-4746-BC18-1C6EF497ACF0}.Release|Any CPU.ActiveCfg = Release|Any CPU
		{5E4F46CE-D06C-4746-BC18-1C6EF497ACF0}.Release|Any CPU.Build.0 = Release|Any CPU
		{A4620273-27E1-4F2C-BFC7-40604413DAA0}.Debug|Any CPU.ActiveCfg = Debug|Any CPU
		{A4620273-27E1-4F2C-BFC7-40604413DAA0}.Debug|Any CPU.Build.0 = Debug|Any CPU
		{A4620273-27E1-4F2C-BFC7-40604413DAA0}.Release|Any CPU.ActiveCfg = Release|Any CPU
		{A4620273-27E1-4F2C-BFC7-40604413DAA0}.Release|Any CPU.Build.0 = Release|Any CPU
	EndGlobalSection
	GlobalSection(SolutionProperties) = preSolution
		HideSolutionNode = FALSE
	EndGlobalSection
	GlobalSection(ExtensibilityGlobals) = postSolution
		SolutionGuid = {C8C9C230-39E9-43DD-A40E-DEDEB47C436C}
	EndGlobalSection
EndGlobal
